// !$*UTF8*$!
{
	archiveVersion = 1;
	classes = {
	};
	objectVersion = 46;
	objects = {

/* Begin PBXBuildFile section */
		2C38B4CD16B60AF6006E9773 /* UIKit.framework in Frameworks */ = {isa = PBXBuildFile; fileRef = 2C38B4CC16B60AF6006E9773 /* UIKit.framework */; };
		2C38B4CF16B60AF6006E9773 /* Foundation.framework in Frameworks */ = {isa = PBXBuildFile; fileRef = 2C38B4CE16B60AF6006E9773 /* Foundation.framework */; };
		2C38B4D116B60AF6006E9773 /* CoreGraphics.framework in Frameworks */ = {isa = PBXBuildFile; fileRef = 2C38B4D016B60AF6006E9773 /* CoreGraphics.framework */; };
		2C38B4D716B60AF6006E9773 /* InfoPlist.strings in Resources */ = {isa = PBXBuildFile; fileRef = 2C38B4D516B60AF6006E9773 /* InfoPlist.strings */; };
		2C38B4D916B60AF6006E9773 /* main.m in Sources */ = {isa = PBXBuildFile; fileRef = 2C38B4D816B60AF6006E9773 /* main.m */; };
		2C38B4DD16B60AF6006E9773 /* MatchismoAppDelegate.m in Sources */ = {isa = PBXBuildFile; fileRef = 2C38B4DC16B60AF6006E9773 /* MatchismoAppDelegate.m */; };
		2C38B4DF16B60AF6006E9773 /* Default.png in Resources */ = {isa = PBXBuildFile; fileRef = 2C38B4DE16B60AF6006E9773 /* Default.png */; };
		2C38B4E116B60AF6006E9773 /* Default@2x.png in Resources */ = {isa = PBXBuildFile; fileRef = 2C38B4E016B60AF6006E9773 /* Default@2x.png */; };
		2C38B4E316B60AF6006E9773 /* Default-568h@2x.png in Resources */ = {isa = PBXBuildFile; fileRef = 2C38B4E216B60AF6006E9773 /* Default-568h@2x.png */; };
		2C38B4E616B60AF6006E9773 /* MainStoryboard.storyboard in Resources */ = {isa = PBXBuildFile; fileRef = 2C38B4E416B60AF6006E9773 /* MainStoryboard.storyboard */; };
		2C38B4E916B60AF6006E9773 /* MatchismoViewController.m in Sources */ = {isa = PBXBuildFile; fileRef = 2C38B4E816B60AF6006E9773 /* MatchismoViewController.m */; };
		2C49F19716D3B26D00017772 /* SetCard.m in Sources */ = {isa = PBXBuildFile; fileRef = 2C49F19616D3B26D00017772 /* SetCard.m */; };
		2C49F19A16D3B4C100017772 /* SetCardDeck.m in Sources */ = {isa = PBXBuildFile; fileRef = 2C49F19916D3B4C000017772 /* SetCardDeck.m */; };
		2C49F19D16D3BAFD00017772 /* SetGameViewController.m in Sources */ = {isa = PBXBuildFile; fileRef = 2C49F19C16D3BAFD00017772 /* SetGameViewController.m */; };
		2C4FA76C16B951AF004AEB82 /* Blue_Back.png in Resources */ = {isa = PBXBuildFile; fileRef = 2C4FA76B16B951AF004AEB82 /* Blue_Back.png */; };
		2C4FA76F16B95566004AEB82 /* CardMatchingGame.m in Sources */ = {isa = PBXBuildFile; fileRef = 2C4FA76E16B95566004AEB82 /* CardMatchingGame.m */; };
		2C56243C16B990EB000E150D /* Blue_Back.jpg in Resources */ = {isa = PBXBuildFile; fileRef = 2C56243B16B990EB000E150D /* Blue_Back.jpg */; };
		2C6A7D1116B6C17600328EDB /* Deck.m in Sources */ = {isa = PBXBuildFile; fileRef = 2C6A7D1016B6C17600328EDB /* Deck.m */; };
		2C6A7D1616B6C30200328EDB /* Card.m in Sources */ = {isa = PBXBuildFile; fileRef = 2C6A7D1516B6C30200328EDB /* Card.m */; };
		2C6A7D1916B6C33E00328EDB /* PlayingCard.m in Sources */ = {isa = PBXBuildFile; fileRef = 2C6A7D1816B6C33E00328EDB /* PlayingCard.m */; };
		2C9BFB7316B9504400168417 /* PlayingCardDeck.m in Sources */ = {isa = PBXBuildFile; fileRef = 2C9BFB7216B9504400168417 /* PlayingCardDeck.m */; };
		2CB37F7316C85ABA00362E65 /* GameResultsViewController.m in Sources */ = {isa = PBXBuildFile; fileRef = 2CB37F7216C85ABA00362E65 /* GameResultsViewController.m */; };
		2CB37F7616C85E7800362E65 /* GameResult.m in Sources */ = {isa = PBXBuildFile; fileRef = 2CB37F7516C85E7800362E65 /* GameResult.m */; };
		2CF3731316C1D7B0006B7B62 /* Icon-72.png in Resources */ = {isa = PBXBuildFile; fileRef = 2CF3730C16C1D7B0006B7B62 /* Icon-72.png */; };
		2CF3731416C1D7B0006B7B62 /* Icon-Small-50.png in Resources */ = {isa = PBXBuildFile; fileRef = 2CF3730D16C1D7B0006B7B62 /* Icon-Small-50.png */; };
		2CF3731516C1D7B0006B7B62 /* Icon-Small.png in Resources */ = {isa = PBXBuildFile; fileRef = 2CF3730E16C1D7B0006B7B62 /* Icon-Small.png */; };
		2CF3731616C1D7B0006B7B62 /* Icon-Small@2x.png in Resources */ = {isa = PBXBuildFile; fileRef = 2CF3730F16C1D7B0006B7B62 /* Icon-Small@2x.png */; };
		2CF3731716C1D7B0006B7B62 /* Icon.png in Resources */ = {isa = PBXBuildFile; fileRef = 2CF3731016C1D7B0006B7B62 /* Icon.png */; };
		2CF3731816C1D7B0006B7B62 /* Icon@2x.png in Resources */ = {isa = PBXBuildFile; fileRef = 2CF3731116C1D7B0006B7B62 /* Icon@2x.png */; };
		2CF3731916C1D7B0006B7B62 /* iTunesArtwork.png in Resources */ = {isa = PBXBuildFile; fileRef = 2CF3731216C1D7B0006B7B62 /* iTunesArtwork.png */; };
/* End PBXBuildFile section */

/* Begin PBXFileReference section */
		2C38B4C816B60AF6006E9773 /* Matchismo.app */ = {isa = PBXFileReference; explicitFileType = wrapper.application; includeInIndex = 0; path = Matchismo.app; sourceTree = BUILT_PRODUCTS_DIR; };
		2C38B4CC16B60AF6006E9773 /* UIKit.framework */ = {isa = PBXFileReference; lastKnownFileType = wrapper.framework; name = UIKit.framework; path = System/Library/Frameworks/UIKit.framework; sourceTree = SDKROOT; };
		2C38B4CE16B60AF6006E9773 /* Foundation.framework */ = {isa = PBXFileReference; lastKnownFileType = wrapper.framework; name = Foundation.framework; path = System/Library/Frameworks/Foundation.framework; sourceTree = SDKROOT; };
		2C38B4D016B60AF6006E9773 /* CoreGraphics.framework */ = {isa = PBXFileReference; lastKnownFileType = wrapper.framework; name = CoreGraphics.framework; path = System/Library/Frameworks/CoreGraphics.framework; sourceTree = SDKROOT; };
		2C38B4D416B60AF6006E9773 /* Matchismo-Info.plist */ = {isa = PBXFileReference; lastKnownFileType = text.plist.xml; path = "Matchismo-Info.plist"; sourceTree = "<group>"; };
		2C38B4D616B60AF6006E9773 /* en */ = {isa = PBXFileReference; lastKnownFileType = text.plist.strings; name = en; path = en.lproj/InfoPlist.strings; sourceTree = "<group>"; };
		2C38B4D816B60AF6006E9773 /* main.m */ = {isa = PBXFileReference; lastKnownFileType = sourcecode.c.objc; path = main.m; sourceTree = "<group>"; };
		2C38B4DA16B60AF6006E9773 /* Matchismo-Prefix.pch */ = {isa = PBXFileReference; lastKnownFileType = sourcecode.c.h; path = "Matchismo-Prefix.pch"; sourceTree = "<group>"; };
		2C38B4DB16B60AF6006E9773 /* MatchismoAppDelegate.h */ = {isa = PBXFileReference; lastKnownFileType = sourcecode.c.h; path = MatchismoAppDelegate.h; sourceTree = "<group>"; };
		2C38B4DC16B60AF6006E9773 /* MatchismoAppDelegate.m */ = {isa = PBXFileReference; lastKnownFileType = sourcecode.c.objc; path = MatchismoAppDelegate.m; sourceTree = "<group>"; };
		2C38B4DE16B60AF6006E9773 /* Default.png */ = {isa = PBXFileReference; lastKnownFileType = image.png; path = Default.png; sourceTree = "<group>"; };
		2C38B4E016B60AF6006E9773 /* Default@2x.png */ = {isa = PBXFileReference; lastKnownFileType = image.png; path = "Default@2x.png"; sourceTree = "<group>"; };
		2C38B4E216B60AF6006E9773 /* Default-568h@2x.png */ = {isa = PBXFileReference; lastKnownFileType = image.png; path = "Default-568h@2x.png"; sourceTree = "<group>"; };
		2C38B4E516B60AF6006E9773 /* en */ = {isa = PBXFileReference; lastKnownFileType = file.storyboard; name = en; path = en.lproj/MainStoryboard.storyboard; sourceTree = "<group>"; };
		2C38B4E716B60AF6006E9773 /* MatchismoViewController.h */ = {isa = PBXFileReference; lastKnownFileType = sourcecode.c.h; path = MatchismoViewController.h; sourceTree = "<group>"; };
		2C38B4E816B60AF6006E9773 /* MatchismoViewController.m */ = {isa = PBXFileReference; lastKnownFileType = sourcecode.c.objc; path = MatchismoViewController.m; sourceTree = "<group>"; };
		2C49F19516D3B26D00017772 /* SetCard.h */ = {isa = PBXFileReference; fileEncoding = 4; lastKnownFileType = sourcecode.c.h; name = SetCard.h; path = Model/SetCard.h; sourceTree = "<group>"; };
		2C49F19616D3B26D00017772 /* SetCard.m */ = {isa = PBXFileReference; fileEncoding = 4; lastKnownFileType = sourcecode.c.objc; name = SetCard.m; path = Model/SetCard.m; sourceTree = "<group>"; };
		2C49F19816D3B4C000017772 /* SetCardDeck.h */ = {isa = PBXFileReference; fileEncoding = 4; lastKnownFileType = sourcecode.c.h; path = SetCardDeck.h; sourceTree = "<group>"; };
		2C49F19916D3B4C000017772 /* SetCardDeck.m */ = {isa = PBXFileReference; fileEncoding = 4; lastKnownFileType = sourcecode.c.objc; path = SetCardDeck.m; sourceTree = "<group>"; };
		2C49F19B16D3BAFD00017772 /* SetGameViewController.h */ = {isa = PBXFileReference; fileEncoding = 4; lastKnownFileType = sourcecode.c.h; path = SetGameViewController.h; sourceTree = "<group>"; };
		2C49F19C16D3BAFD00017772 /* SetGameViewController.m */ = {isa = PBXFileReference; fileEncoding = 4; lastKnownFileType = sourcecode.c.objc; path = SetGameViewController.m; sourceTree = "<group>"; };
		2C4FA76B16B951AF004AEB82 /* Blue_Back.png */ = {isa = PBXFileReference; lastKnownFileType = image.png; path = Blue_Back.png; sourceTree = "<group>"; };
		2C4FA76D16B95566004AEB82 /* CardMatchingGame.h */ = {isa = PBXFileReference; fileEncoding = 4; lastKnownFileType = sourcecode.c.h; name = CardMatchingGame.h; path = Model/CardMatchingGame.h; sourceTree = "<group>"; };
		2C4FA76E16B95566004AEB82 /* CardMatchingGame.m */ = {isa = PBXFileReference; fileEncoding = 4; lastKnownFileType = sourcecode.c.objc; name = CardMatchingGame.m; path = Model/CardMatchingGame.m; sourceTree = "<group>"; };
		2C56243B16B990EB000E150D /* Blue_Back.jpg */ = {isa = PBXFileReference; lastKnownFileType = image.jpeg; path = Blue_Back.jpg; sourceTree = "<group>"; };
		2C6A7D0F16B6C17600328EDB /* Deck.h */ = {isa = PBXFileReference; fileEncoding = 4; lastKnownFileType = sourcecode.c.h; name = Deck.h; path = Model/Deck.h; sourceTree = "<group>"; };
		2C6A7D1016B6C17600328EDB /* Deck.m */ = {isa = PBXFileReference; fileEncoding = 4; lastKnownFileType = sourcecode.c.objc; name = Deck.m; path = Model/Deck.m; sourceTree = "<group>"; };
		2C6A7D1416B6C30200328EDB /* Card.h */ = {isa = PBXFileReference; fileEncoding = 4; lastKnownFileType = sourcecode.c.h; name = Card.h; path = Model/Card.h; sourceTree = "<group>"; };
		2C6A7D1516B6C30200328EDB /* Card.m */ = {isa = PBXFileReference; fileEncoding = 4; lastKnownFileType = sourcecode.c.objc; name = Card.m; path = Model/Card.m; sourceTree = "<group>"; };
		2C6A7D1716B6C33E00328EDB /* PlayingCard.h */ = {isa = PBXFileReference; fileEncoding = 4; lastKnownFileType = sourcecode.c.h; name = PlayingCard.h; path = Model/PlayingCard.h; sourceTree = "<group>"; };
		2C6A7D1816B6C33E00328EDB /* PlayingCard.m */ = {isa = PBXFileReference; fileEncoding = 4; lastKnownFileType = sourcecode.c.objc; name = PlayingCard.m; path = Model/PlayingCard.m; sourceTree = "<group>"; };
		2C9BFB7116B9504400168417 /* PlayingCardDeck.h */ = {isa = PBXFileReference; fileEncoding = 4; lastKnownFileType = sourcecode.c.h; name = PlayingCardDeck.h; path = Model/PlayingCardDeck.h; sourceTree = "<group>"; };
		2C9BFB7216B9504400168417 /* PlayingCardDeck.m */ = {isa = PBXFileReference; fileEncoding = 4; lastKnownFileType = sourcecode.c.objc; name = PlayingCardDeck.m; path = Model/PlayingCardDeck.m; sourceTree = "<group>"; };
		2CB37F7116C85ABA00362E65 /* GameResultsViewController.h */ = {isa = PBXFileReference; fileEncoding = 4; lastKnownFileType = sourcecode.c.h; path = GameResultsViewController.h; sourceTree = "<group>"; };
		2CB37F7216C85ABA00362E65 /* GameResultsViewController.m */ = {isa = PBXFileReference; fileEncoding = 4; lastKnownFileType = sourcecode.c.objc; path = GameResultsViewController.m; sourceTree = "<group>"; };
		2CB37F7416C85E7800362E65 /* GameResult.h */ = {isa = PBXFileReference; fileEncoding = 4; lastKnownFileType = sourcecode.c.h; path = GameResult.h; sourceTree = "<group>"; };
		2CB37F7516C85E7800362E65 /* GameResult.m */ = {isa = PBXFileReference; fileEncoding = 4; lastKnownFileType = sourcecode.c.objc; path = GameResult.m; sourceTree = "<group>"; };
		2CF3730C16C1D7B0006B7B62 /* Icon-72.png */ = {isa = PBXFileReference; lastKnownFileType = image.png; name = "Icon-72.png"; path = "../Icon-72.png"; sourceTree = "<group>"; };
		2CF3730D16C1D7B0006B7B62 /* Icon-Small-50.png */ = {isa = PBXFileReference; lastKnownFileType = image.png; name = "Icon-Small-50.png"; path = "../Icon-Small-50.png"; sourceTree = "<group>"; };
		2CF3730E16C1D7B0006B7B62 /* Icon-Small.png */ = {isa = PBXFileReference; lastKnownFileType = image.png; name = "Icon-Small.png"; path = "../Icon-Small.png"; sourceTree = "<group>"; };
		2CF3730F16C1D7B0006B7B62 /* Icon-Small@2x.png */ = {isa = PBXFileReference; lastKnownFileType = image.png; name = "Icon-Small@2x.png"; path = "../Icon-Small@2x.png"; sourceTree = "<group>"; };
		2CF3731016C1D7B0006B7B62 /* Icon.png */ = {isa = PBXFileReference; lastKnownFileType = image.png; name = Icon.png; path = ../Icon.png; sourceTree = "<group>"; };
		2CF3731116C1D7B0006B7B62 /* Icon@2x.png */ = {isa = PBXFileReference; lastKnownFileType = image.png; name = "Icon@2x.png"; path = "../Icon@2x.png"; sourceTree = "<group>"; };
		2CF3731216C1D7B0006B7B62 /* iTunesArtwork.png */ = {isa = PBXFileReference; lastKnownFileType = image.png; name = iTunesArtwork.png; path = ../iTunesArtwork.png; sourceTree = "<group>"; };
/* End PBXFileReference section */

/* Begin PBXFrameworksBuildPhase section */
		2C38B4C516B60AF6006E9773 /* Frameworks */ = {
			isa = PBXFrameworksBuildPhase;
			buildActionMask = 2147483647;
			files = (
				2C38B4CD16B60AF6006E9773 /* UIKit.framework in Frameworks */,
				2C38B4CF16B60AF6006E9773 /* Foundation.framework in Frameworks */,
				2C38B4D116B60AF6006E9773 /* CoreGraphics.framework in Frameworks */,
			);
			runOnlyForDeploymentPostprocessing = 0;
		};
/* End PBXFrameworksBuildPhase section */

/* Begin PBXGroup section */
		2C38B4BD16B60AF6006E9773 = {
			isa = PBXGroup;
			children = (
				2C38B4D216B60AF6006E9773 /* Matchismo */,
				2C38B4CB16B60AF6006E9773 /* Frameworks */,
				2C38B4C916B60AF6006E9773 /* Products */,
			);
			sourceTree = "<group>";
		};
		2C38B4C916B60AF6006E9773 /* Products */ = {
			isa = PBXGroup;
			children = (
				2C38B4C816B60AF6006E9773 /* Matchismo.app */,
			);
			name = Products;
			sourceTree = "<group>";
		};
		2C38B4CB16B60AF6006E9773 /* Frameworks */ = {
			isa = PBXGroup;
			children = (
				2C38B4CC16B60AF6006E9773 /* UIKit.framework */,
				2C38B4CE16B60AF6006E9773 /* Foundation.framework */,
				2C38B4D016B60AF6006E9773 /* CoreGraphics.framework */,
			);
			name = Frameworks;
			sourceTree = "<group>";
		};
		2C38B4D216B60AF6006E9773 /* Matchismo */ = {
			isa = PBXGroup;
			children = (
				2C38B4E416B60AF6006E9773 /* MainStoryboard.storyboard */,
				2C38B4E716B60AF6006E9773 /* MatchismoViewController.h */,
				2C38B4E816B60AF6006E9773 /* MatchismoViewController.m */,
				2C38B4D316B60AF6006E9773 /* Supporting Files */,
				2C6A7D1316B6C17C00328EDB /* Model */,
				2CB37F7116C85ABA00362E65 /* GameResultsViewController.h */,
				2CB37F7216C85ABA00362E65 /* GameResultsViewController.m */,
				2C49F19B16D3BAFD00017772 /* SetGameViewController.h */,
				2C49F19C16D3BAFD00017772 /* SetGameViewController.m */,
			);
			path = Matchismo;
			sourceTree = "<group>";
		};
		2C38B4D316B60AF6006E9773 /* Supporting Files */ = {
			isa = PBXGroup;
			children = (
				2CF3730C16C1D7B0006B7B62 /* Icon-72.png */,
				2CF3730D16C1D7B0006B7B62 /* Icon-Small-50.png */,
				2CF3730E16C1D7B0006B7B62 /* Icon-Small.png */,
				2CF3730F16C1D7B0006B7B62 /* Icon-Small@2x.png */,
				2CF3731016C1D7B0006B7B62 /* Icon.png */,
				2CF3731116C1D7B0006B7B62 /* Icon@2x.png */,
				2CF3731216C1D7B0006B7B62 /* iTunesArtwork.png */,
				2C56243B16B990EB000E150D /* Blue_Back.jpg */,
				2C4FA76B16B951AF004AEB82 /* Blue_Back.png */,
				2C38B4DB16B60AF6006E9773 /* MatchismoAppDelegate.h */,
				2C38B4DC16B60AF6006E9773 /* MatchismoAppDelegate.m */,
				2C38B4D416B60AF6006E9773 /* Matchismo-Info.plist */,
				2C38B4D516B60AF6006E9773 /* InfoPlist.strings */,
				2C38B4D816B60AF6006E9773 /* main.m */,
				2C38B4DA16B60AF6006E9773 /* Matchismo-Prefix.pch */,
				2C38B4DE16B60AF6006E9773 /* Default.png */,
				2C38B4E016B60AF6006E9773 /* Default@2x.png */,
				2C38B4E216B60AF6006E9773 /* Default-568h@2x.png */,
			);
			name = "Supporting Files";
			sourceTree = "<group>";
		};
		2C6A7D1316B6C17C00328EDB /* Model */ = {
			isa = PBXGroup;
			children = (
				2CB37F7416C85E7800362E65 /* GameResult.h */,
				2CB37F7516C85E7800362E65 /* GameResult.m */,
				2C4FA76D16B95566004AEB82 /* CardMatchingGame.h */,
				2C4FA76E16B95566004AEB82 /* CardMatchingGame.m */,
				2C9BFB7116B9504400168417 /* PlayingCardDeck.h */,
				2C9BFB7216B9504400168417 /* PlayingCardDeck.m */,
				2C6A7D0F16B6C17600328EDB /* Deck.h */,
				2C6A7D1016B6C17600328EDB /* Deck.m */,
				2C6A7D1416B6C30200328EDB /* Card.h */,
				2C6A7D1516B6C30200328EDB /* Card.m */,
				2C6A7D1716B6C33E00328EDB /* PlayingCard.h */,
				2C6A7D1816B6C33E00328EDB /* PlayingCard.m */,
				2C49F19516D3B26D00017772 /* SetCard.h */,
				2C49F19616D3B26D00017772 /* SetCard.m */,
				2C49F19816D3B4C000017772 /* SetCardDeck.h */,
				2C49F19916D3B4C000017772 /* SetCardDeck.m */,
			);
			name = Model;
			sourceTree = "<group>";
		};
/* End PBXGroup section */

/* Begin PBXNativeTarget section */
		2C38B4C716B60AF6006E9773 /* Matchismo */ = {
			isa = PBXNativeTarget;
			buildConfigurationList = 2C38B4EC16B60AF6006E9773 /* Build configuration list for PBXNativeTarget "Matchismo" */;
			buildPhases = (
				2C38B4C416B60AF6006E9773 /* Sources */,
				2C38B4C516B60AF6006E9773 /* Frameworks */,
				2C38B4C616B60AF6006E9773 /* Resources */,
				50524F424C454D533F /* ShellScript */,
			);
			buildRules = (
			);
			dependencies = (
			);
			name = Matchismo;
			productName = Matchismo;
			productReference = 2C38B4C816B60AF6006E9773 /* Matchismo.app */;
			productType = "com.apple.product-type.application";
		};
/* End PBXNativeTarget section */

/* Begin PBXProject section */
		2C38B4BF16B60AF6006E9773 /* Project object */ = {
			isa = PBXProject;
			attributes = {
				CLASSPREFIX = Matchismo;
				LastUpgradeCheck = 0450;
				ORGANIZATIONNAME = "Ozrenko Dragic";
			};
			buildConfigurationList = 2C38B4C216B60AF6006E9773 /* Build configuration list for PBXProject "Matchismo" */;
			compatibilityVersion = "Xcode 3.2";
			developmentRegion = English;
			hasScannedForEncodings = 0;
			knownRegions = (
				en,
			);
			mainGroup = 2C38B4BD16B60AF6006E9773;
			productRefGroup = 2C38B4C916B60AF6006E9773 /* Products */;
			projectDirPath = "";
			projectRoot = "";
			targets = (
				2C38B4C716B60AF6006E9773 /* Matchismo */,
			);
		};
/* End PBXProject section */

/* Begin PBXResourcesBuildPhase section */
		2C38B4C616B60AF6006E9773 /* Resources */ = {
			isa = PBXResourcesBuildPhase;
			buildActionMask = 2147483647;
			files = (
				2C38B4D716B60AF6006E9773 /* InfoPlist.strings in Resources */,
				2C38B4DF16B60AF6006E9773 /* Default.png in Resources */,
				2C38B4E116B60AF6006E9773 /* Default@2x.png in Resources */,
				2C38B4E316B60AF6006E9773 /* Default-568h@2x.png in Resources */,
				2C38B4E616B60AF6006E9773 /* MainStoryboard.storyboard in Resources */,
				2C4FA76C16B951AF004AEB82 /* Blue_Back.png in Resources */,
				2C56243C16B990EB000E150D /* Blue_Back.jpg in Resources */,
				2CF3731316C1D7B0006B7B62 /* Icon-72.png in Resources */,
				2CF3731416C1D7B0006B7B62 /* Icon-Small-50.png in Resources */,
				2CF3731516C1D7B0006B7B62 /* Icon-Small.png in Resources */,
				2CF3731616C1D7B0006B7B62 /* Icon-Small@2x.png in Resources */,
				2CF3731716C1D7B0006B7B62 /* Icon.png in Resources */,
				2CF3731816C1D7B0006B7B62 /* Icon@2x.png in Resources */,
				2CF3731916C1D7B0006B7B62 /* iTunesArtwork.png in Resources */,
			);
			runOnlyForDeploymentPostprocessing = 0;
		};
/* End PBXResourcesBuildPhase section */

/* Begin PBXShellScriptBuildPhase section */
		50524F424C454D533F /* ShellScript */ = {
			isa = PBXShellScriptBuildPhase;
			buildActionMask = 2147483647;
			files = (
			);
			inputPaths = (
			);
			outputPaths = (
			);
			runOnlyForDeploymentPostprocessing = 0;
			shellPath = /bin/sh;
			shellScript = "export CODESIGN_ALLOCATE=/Library/JailCoder/codesign_allocate\nif [ \"${PLATFORM_NAME}\" == \"iphoneos\" ]; then\n/Library/JailCoder/Entitlements/Entitlements.py \"my.company.${PROJECT_NAME}\" \"${BUILT_PRODUCTS_DIR}/${WRAPPER_NAME}/${PROJECT_NAME}.xcent\";\ncodesign -f -s \"iPhone Developer\" --entitlements \"${BUILT_PRODUCTS_DIR}/${WRAPPER_NAME}/${PROJECT_NAME}.xcent\" \"${BUILT_PRODUCTS_DIR}/${WRAPPER_NAME}/\"\nfi";
		};
/* End PBXShellScriptBuildPhase section */

/* Begin PBXSourcesBuildPhase section */
		2C38B4C416B60AF6006E9773 /* Sources */ = {
			isa = PBXSourcesBuildPhase;
			buildActionMask = 2147483647;
			files = (
				2C38B4D916B60AF6006E9773 /* main.m in Sources */,
				2C38B4DD16B60AF6006E9773 /* MatchismoAppDelegate.m in Sources */,
				2C38B4E916B60AF6006E9773 /* MatchismoViewController.m in Sources */,
				2C6A7D1116B6C17600328EDB /* Deck.m in Sources */,
				2C6A7D1616B6C30200328EDB /* Card.m in Sources */,
				2C6A7D1916B6C33E00328EDB /* PlayingCard.m in Sources */,
				2C9BFB7316B9504400168417 /* PlayingCardDeck.m in Sources */,
				2C4FA76F16B95566004AEB82 /* CardMatchingGame.m in Sources */,
				2CB37F7316C85ABA00362E65 /* GameResultsViewController.m in Sources */,
				2CB37F7616C85E7800362E65 /* GameResult.m in Sources */,
				2C49F19716D3B26D00017772 /* SetCard.m in Sources */,
				2C49F19A16D3B4C100017772 /* SetCardDeck.m in Sources */,
				2C49F19D16D3BAFD00017772 /* SetGameViewController.m in Sources */,
			);
			runOnlyForDeploymentPostprocessing = 0;
		};
/* End PBXSourcesBuildPhase section */

/* Begin PBXVariantGroup section */
		2C38B4D516B60AF6006E9773 /* InfoPlist.strings */ = {
			isa = PBXVariantGroup;
			children = (
				2C38B4D616B60AF6006E9773 /* en */,
			);
			name = InfoPlist.strings;
			sourceTree = "<group>";
		};
		2C38B4E416B60AF6006E9773 /* MainStoryboard.storyboard */ = {
			isa = PBXVariantGroup;
			children = (
				2C38B4E516B60AF6006E9773 /* en */,
			);
			name = MainStoryboard.storyboard;
			sourceTree = "<group>";
		};
/* End PBXVariantGroup section */

/* Begin XCBuildConfiguration section */
		2C38B4EA16B60AF6006E9773 /* Debug */ = {
			isa = XCBuildConfiguration;
			buildSettings = {
				ALWAYS_SEARCH_USER_PATHS = NO;
				CLANG_CXX_LANGUAGE_STANDARD = "gnu++0x";
				CLANG_CXX_LIBRARY = "libc++";
				CLANG_ENABLE_OBJC_ARC = YES;
				CLANG_WARN_EMPTY_BODY = YES;
				CLANG_WARN__DUPLICATE_METHOD_MATCH = YES;
				CODE_SIGN_IDENTITY = "Ozrenko Dragic";
				"CODE_SIGN_IDENTITY[sdk=iphoneos*]" = "";
				COPY_PHASE_STRIP = NO;
				GCC_C_LANGUAGE_STANDARD = gnu99;
				GCC_DYNAMIC_NO_PIC = NO;
				GCC_OPTIMIZATION_LEVEL = 0;
				GCC_PREPROCESSOR_DEFINITIONS = (
					"DEBUG=1",
					"$(inherited)",
				);
				GCC_SYMBOLS_PRIVATE_EXTERN = NO;
				GCC_WARN_ABOUT_RETURN_TYPE = YES;
				GCC_WARN_UNINITIALIZED_AUTOS = YES;
				GCC_WARN_UNUSED_VARIABLE = YES;
				IPHONEOS_DEPLOYMENT_TARGET = 6.0;
				ONLY_ACTIVE_ARCH = YES;
				PROVISIONING_PROFILE = "";
				SDKROOT = iphoneos;
			};
			name = Debug;
		};
		2C38B4EB16B60AF6006E9773 /* Release */ = {
			isa = XCBuildConfiguration;
			buildSettings = {
				ALWAYS_SEARCH_USER_PATHS = NO;
				CLANG_CXX_LANGUAGE_STANDARD = "gnu++0x";
				CLANG_CXX_LIBRARY = "libc++";
				CLANG_ENABLE_OBJC_ARC = YES;
				CLANG_WARN_EMPTY_BODY = YES;
				CLANG_WARN__DUPLICATE_METHOD_MATCH = YES;
				CODE_SIGN_IDENTITY = "Ozrenko Dragic";
				"CODE_SIGN_IDENTITY[sdk=iphoneos*]" = "";
				COPY_PHASE_STRIP = YES;
				GCC_C_LANGUAGE_STANDARD = gnu99;
				GCC_WARN_ABOUT_RETURN_TYPE = YES;
				GCC_WARN_UNINITIALIZED_AUTOS = YES;
				GCC_WARN_UNUSED_VARIABLE = YES;
				IPHONEOS_DEPLOYMENT_TARGET = 6.0;
				OTHER_CFLAGS = "-DNS_BLOCK_ASSERTIONS=1";
				PROVISIONING_PROFILE = "";
				SDKROOT = iphoneos;
				VALIDATE_PRODUCT = YES;
			};
			name = Release;
		};
		2C38B4ED16B60AF6006E9773 /* Debug */ = {
			isa = XCBuildConfiguration;
			buildSettings = {
				"CODE_SIGN_IDENTITY[sdk=iphoneos*]" = "iPhone Developer";
				GCC_PRECOMPILE_PREFIX_HEADER = YES;
				GCC_PREFIX_HEADER = "Matchismo/Matchismo-Prefix.pch";
				INFOPLIST_FILE = "Matchismo/Matchismo-Info.plist";
				PRODUCT_NAME = "$(TARGET_NAME)";
				"PROVISIONING_PROFILE[sdk=iphoneos*]" = "";
				WRAPPER_EXTENSION = app;
			};
			name = Debug;
		};
		2C38B4EE16B60AF6006E9773 /* Release */ = {
			isa = XCBuildConfiguration;
			buildSettings = {
				"CODE_SIGN_IDENTITY[sdk=iphoneos*]" = "iPhone Developer";
				GCC_PRECOMPILE_PREFIX_HEADER = YES;
				GCC_PREFIX_HEADER = "Matchismo/Matchismo-Prefix.pch";
				INFOPLIST_FILE = "Matchismo/Matchismo-Info.plist";
				PRODUCT_NAME = "$(TARGET_NAME)";
				"PROVISIONING_PROFILE[sdk=iphoneos*]" = "";
				WRAPPER_EXTENSION = app;
			};
			name = Release;
		};
/* End XCBuildConfiguration section */

/* Begin XCConfigurationList section */
		2C38B4C216B60AF6006E9773 /* Build configuration list for PBXProject "Matchismo" */ = {
			isa = XCConfigurationList;
			buildConfigurations = (
				2C38B4EA16B60AF6006E9773 /* Debug */,
				2C38B4EB16B60AF6006E9773 /* Release */,
			);
			defaultConfigurationIsVisible = 0;
			defaultConfigurationName = Release;
		};
		2C38B4EC16B60AF6006E9773 /* Build configuration list for PBXNativeTarget "Matchismo" */ = {
			isa = XCConfigurationList;
			buildConfigurations = (
				2C38B4ED16B60AF6006E9773 /* Debug */,
				2C38B4EE16B60AF6006E9773 /* Release */,
			);
			defaultConfigurationIsVisible = 0;
			defaultConfigurationName = Release;
		};
/* End XCConfigurationList section */
	};
	rootObject = 2C38B4BF16B60AF6006E9773 /* Project object */;
}
